
Microsoft Visual Studio Solution File, Format Version 12.00
# Visual Studio Version 17
VisualStudioVersion = 17.9.34902.65
MinimumVisualStudioVersion = 10.0.40219.1
Project("{FAE04EC0-301F-11D3-BF4B-00C04F79EFBC}") = "HPS-backoffice", "HPS-backoffice\HPS-backoffice.csproj", "{A8EF2477-3788-47B0-9D77-5B68D659D225}"
EndProject
Global
	GlobalSection(SolutionConfigurationPlatforms) = preSolution
		Debug|Any CPU = Debug|Any CPU
		Release|Any CPU = Release|Any CPU
	EndGlobalSection
	GlobalSection(ProjectConfigurationPlatforms) = postSolution
		{A8EF2477-3788-47B0-9D77-5B68D659D225}.Debug|Any CPU.ActiveCfg = Debug|Any CPU
		{A8EF2477-3788-47B0-9D77-5B68D659D225}.Debug|Any CPU.Build.0 = Debug|Any CPU
		{A8EF2477-3788-47B0-9D77-5B68D659D225}.Release|Any CPU.ActiveCfg = Release|Any CPU
		{A8EF2477-3788-47B0-9D77-5B68D659D225}.Release|Any CPU.Build.0 = Release|Any CPU
	EndGlobalSection
	GlobalSection(SolutionProperties) = preSolution
		HideSolutionNode = FALSE
	EndGlobalSection
	GlobalSection(ExtensibilityGlobals) = postSolution
		SolutionGuid = {F28096C2-6FE3-4DF2-B872-79F23BA15D54}
	EndGlobalSection
EndGlobal
